
Microsoft Visual Studio Solution File, Format Version 12.00
# Visual Studio Version 17
VisualStudioVersion = 17.14.36327.8 d17.14
MinimumVisualStudioVersion = 10.0.40219.1
Project("{FAE04EC0-301F-11D3-BF4B-00C04F79EFBC}") = "WebApplication1", "WebApplication1\WebApplication1.csproj", "{E1B6E289-A28B-4056-BD02-AC9358224E55}"
EndProject
Global
	GlobalSection(SolutionConfigurationPlatforms) = preSolution
		Debug|Any CPU = Debug|Any CPU
		Release|Any CPU = Release|Any CPU
	EndGlobalSection
	GlobalSection(ProjectConfigurationPlatforms) = postSolution
		{E1B6E289-A28B-4056-BD02-AC9358224E55}.Debug|Any CPU.ActiveCfg = Debug|Any CPU
		{E1B6E289-A28B-4056-BD02-AC9358224E55}.Debug|Any CPU.Build.0 = Debug|Any CPU
		{E1B6E289-A28B-4056-BD02-AC9358224E55}.Release|Any CPU.ActiveCfg = Release|Any CPU
		{E1B6E289-A28B-4056-BD02-AC9358224E55}.Release|Any CPU.Build.0 = Release|Any CPU
	EndGlobalSection
	GlobalSection(SolutionProperties) = preSolution
		HideSolutionNode = FALSE
	EndGlobalSection
	GlobalSection(ExtensibilityGlobals) = postSolution
		SolutionGuid = {4A0CBB00-CD5C-47B1-9411-56D9B8420333}
	EndGlobalSection
EndGlobal
